// !$*UTF8*$!
{
	archiveVersion = 1;
	classes = {
	};
	objectVersion = 56;
	objects = {

/* Begin PBXBuildFile section */
		2EF8F396296404D300C6E4F6 /* AppDelegate.swift in Sources */ = {isa = PBXBuildFile; fileRef = 2EF8F395296404D300C6E4F6 /* AppDelegate.swift */; };
		2EF8F398296404D300C6E4F6 /* SceneDelegate.swift in Sources */ = {isa = PBXBuildFile; fileRef = 2EF8F397296404D300C6E4F6 /* SceneDelegate.swift */; };
		2EF8F39A296404D300C6E4F6 /* ViewController.swift in Sources */ = {isa = PBXBuildFile; fileRef = 2EF8F399296404D300C6E4F6 /* ViewController.swift */; };
		2EF8F39D296404D300C6E4F6 /* Main.storyboard in Resources */ = {isa = PBXBuildFile; fileRef = 2EF8F39B296404D300C6E4F6 /* Main.storyboard */; };
		2EF8F39F296404D400C6E4F6 /* Assets.xcassets in Resources */ = {isa = PBXBuildFile; fileRef = 2EF8F39E296404D400C6E4F6 /* Assets.xcassets */; };
		2EF8F3A2296404D400C6E4F6 /* LaunchScreen.storyboard in Resources */ = {isa = PBXBuildFile; fileRef = 2EF8F3A0296404D400C6E4F6 /* LaunchScreen.storyboard */; };
		2EF8F3AD296404D400C6E4F6 /* MVVMUIKitExampleTests.swift in Sources */ = {isa = PBXBuildFile; fileRef = 2EF8F3AC296404D400C6E4F6 /* MVVMUIKitExampleTests.swift */; };
		2EF8F3B7296404D400C6E4F6 /* MVVMUIKitExampleUITests.swift in Sources */ = {isa = PBXBuildFile; fileRef = 2EF8F3B6296404D400C6E4F6 /* MVVMUIKitExampleUITests.swift */; };
		2EF8F3B9296404D400C6E4F6 /* MVVMUIKitExampleUITestsLaunchTests.swift in Sources */ = {isa = PBXBuildFile; fileRef = 2EF8F3B8296404D400C6E4F6 /* MVVMUIKitExampleUITestsLaunchTests.swift */; };
		2EF8F3C72964053A00C6E4F6 /* RxBlocking in Frameworks */ = {isa = PBXBuildFile; productRef = 2EF8F3C62964053A00C6E4F6 /* RxBlocking */; };
		2EF8F3C92964053A00C6E4F6 /* RxCocoa in Frameworks */ = {isa = PBXBuildFile; productRef = 2EF8F3C82964053A00C6E4F6 /* RxCocoa */; };
		2EF8F3CB2964053A00C6E4F6 /* RxRelay in Frameworks */ = {isa = PBXBuildFile; productRef = 2EF8F3CA2964053A00C6E4F6 /* RxRelay */; };
		2EF8F3CD2964053A00C6E4F6 /* RxSwift in Frameworks */ = {isa = PBXBuildFile; productRef = 2EF8F3CC2964053A00C6E4F6 /* RxSwift */; };
		2EF8F3CF2964054E00C6E4F6 /* ViewModel.swift in Sources */ = {isa = PBXBuildFile; fileRef = 2EF8F3CE2964054E00C6E4F6 /* ViewModel.swift */; };
/* End PBXBuildFile section */

/* Begin PBXContainerItemProxy section */
		2EF8F3A9296404D400C6E4F6 /* PBXContainerItemProxy */ = {
			isa = PBXContainerItemProxy;
			containerPortal = 2EF8F38A296404D300C6E4F6 /* Project object */;
			proxyType = 1;
			remoteGlobalIDString = 2EF8F391296404D300C6E4F6;
			remoteInfo = MVVMUIKitExample;
		};
		2EF8F3B3296404D400C6E4F6 /* PBXContainerItemProxy */ = {
			isa = PBXContainerItemProxy;
			containerPortal = 2EF8F38A296404D300C6E4F6 /* Project object */;
			proxyType = 1;
			remoteGlobalIDString = 2EF8F391296404D300C6E4F6;
			remoteInfo = MVVMUIKitExample;
		};
/* End PBXContainerItemProxy section */

/* Begin PBXFileReference section */
		2EF8F392296404D300C6E4F6 /* MVVMUIKitExample.app */ = {isa = PBXFileReference; explicitFileType = wrapper.application; includeInIndex = 0; path = MVVMUIKitExample.app; sourceTree = BUILT_PRODUCTS_DIR; };
		2EF8F395296404D300C6E4F6 /* AppDelegate.swift */ = {isa = PBXFileReference; lastKnownFileType = sourcecode.swift; path = AppDelegate.swift; sourceTree = "<group>"; };
		2EF8F397296404D300C6E4F6 /* SceneDelegate.swift */ = {isa = PBXFileReference; lastKnownFileType = sourcecode.swift; path = SceneDelegate.swift; sourceTree = "<group>"; };
		2EF8F399296404D300C6E4F6 /* ViewController.swift */ = {isa = PBXFileReference; lastKnownFileType = sourcecode.swift; path = ViewController.swift; sourceTree = "<group>"; };
		2EF8F39C296404D300C6E4F6 /* Base */ = {isa = PBXFileReference; lastKnownFileType = file.storyboard; name = Base; path = Base.lproj/Main.storyboard; sourceTree = "<group>"; };
		2EF8F39E296404D400C6E4F6 /* Assets.xcassets */ = {isa = PBXFileReference; lastKnownFileType = folder.assetcatalog; path = Assets.xcassets; sourceTree = "<group>"; };
		2EF8F3A1296404D400C6E4F6 /* Base */ = {isa = PBXFileReference; lastKnownFileType = file.storyboard; name = Base; path = Base.lproj/LaunchScreen.storyboard; sourceTree = "<group>"; };
		2EF8F3A3296404D400C6E4F6 /* Info.plist */ = {isa = PBXFileReference; lastKnownFileType = text.plist.xml; path = Info.plist; sourceTree = "<group>"; };
		2EF8F3A8296404D400C6E4F6 /* MVVMUIKitExampleTests.xctest */ = {isa = PBXFileReference; explicitFileType = wrapper.cfbundle; includeInIndex = 0; path = MVVMUIKitExampleTests.xctest; sourceTree = BUILT_PRODUCTS_DIR; };
		2EF8F3AC296404D400C6E4F6 /* MVVMUIKitExampleTests.swift */ = {isa = PBXFileReference; lastKnownFileType = sourcecode.swift; path = MVVMUIKitExampleTests.swift; sourceTree = "<group>"; };
		2EF8F3B2296404D400C6E4F6 /* MVVMUIKitExampleUITests.xctest */ = {isa = PBXFileReference; explicitFileType = wrapper.cfbundle; includeInIndex = 0; path = MVVMUIKitExampleUITests.xctest; sourceTree = BUILT_PRODUCTS_DIR; };
		2EF8F3B6296404D400C6E4F6 /* MVVMUIKitExampleUITests.swift */ = {isa = PBXFileReference; lastKnownFileType = sourcecode.swift; path = MVVMUIKitExampleUITests.swift; sourceTree = "<group>"; };
		2EF8F3B8296404D400C6E4F6 /* MVVMUIKitExampleUITestsLaunchTests.swift */ = {isa = PBXFileReference; lastKnownFileType = sourcecode.swift; path = MVVMUIKitExampleUITestsLaunchTests.swift; sourceTree = "<group>"; };
		2EF8F3CE2964054E00C6E4F6 /* ViewModel.swift */ = {isa = PBXFileReference; fileEncoding = 4; lastKnownFileType = sourcecode.swift; path = ViewModel.swift; sourceTree = "<group>"; };
/* End PBXFileReference section */

/* Begin PBXFrameworksBuildPhase section */
		2EF8F38F296404D300C6E4F6 /* Frameworks */ = {
			isa = PBXFrameworksBuildPhase;
			buildActionMask = 2147483647;
			files = (
				2EF8F3CB2964053A00C6E4F6 /* RxRelay in Frameworks */,
				2EF8F3C92964053A00C6E4F6 /* RxCocoa in Frameworks */,
				2EF8F3CD2964053A00C6E4F6 /* RxSwift in Frameworks */,
				2EF8F3C72964053A00C6E4F6 /* RxBlocking in Frameworks */,
			);
			runOnlyForDeploymentPostprocessing = 0;
		};
		2EF8F3A5296404D400C6E4F6 /* Frameworks */ = {
			isa = PBXFrameworksBuildPhase;
			buildActionMask = 2147483647;
			files = (
			);
			runOnlyForDeploymentPostprocessing = 0;
		};
		2EF8F3AF296404D400C6E4F6 /* Frameworks */ = {
			isa = PBXFrameworksBuildPhase;
			buildActionMask = 2147483647;
			files = (
			);
			runOnlyForDeploymentPostprocessing = 0;
		};
/* End PBXFrameworksBuildPhase section */

/* Begin PBXGroup section */
		2EF8F389296404D300C6E4F6 = {
			isa = PBXGroup;
			children = (
				2EF8F394296404D300C6E4F6 /* MVVMUIKitExample */,
				2EF8F3AB296404D400C6E4F6 /* MVVMUIKitExampleTests */,
				2EF8F3B5296404D400C6E4F6 /* MVVMUIKitExampleUITests */,
				2EF8F393296404D300C6E4F6 /* Products */,
			);
			sourceTree = "<group>";
		};
		2EF8F393296404D300C6E4F6 /* Products */ = {
			isa = PBXGroup;
			children = (
				2EF8F392296404D300C6E4F6 /* MVVMUIKitExample.app */,
				2EF8F3A8296404D400C6E4F6 /* MVVMUIKitExampleTests.xctest */,
				2EF8F3B2296404D400C6E4F6 /* MVVMUIKitExampleUITests.xctest */,
			);
			name = Products;
			sourceTree = "<group>";
		};
		2EF8F394296404D300C6E4F6 /* MVVMUIKitExample */ = {
			isa = PBXGroup;
			children = (
				2EF8F3CE2964054E00C6E4F6 /* ViewModel.swift */,
				2EF8F395296404D300C6E4F6 /* AppDelegate.swift */,
				2EF8F397296404D300C6E4F6 /* SceneDelegate.swift */,
				2EF8F399296404D300C6E4F6 /* ViewController.swift */,
				2EF8F39B296404D300C6E4F6 /* Main.storyboard */,
				2EF8F39E296404D400C6E4F6 /* Assets.xcassets */,
				2EF8F3A0296404D400C6E4F6 /* LaunchScreen.storyboard */,
				2EF8F3A3296404D400C6E4F6 /* Info.plist */,
			);
			path = MVVMUIKitExample;
			sourceTree = "<group>";
		};
		2EF8F3AB296404D400C6E4F6 /* MVVMUIKitExampleTests */ = {
			isa = PBXGroup;
			children = (
				2EF8F3AC296404D400C6E4F6 /* MVVMUIKitExampleTests.swift */,
			);
			path = MVVMUIKitExampleTests;
			sourceTree = "<group>";
		};
		2EF8F3B5296404D400C6E4F6 /* MVVMUIKitExampleUITests */ = {
			isa = PBXGroup;
			children = (
				2EF8F3B6296404D400C6E4F6 /* MVVMUIKitExampleUITests.swift */,
				2EF8F3B8296404D400C6E4F6 /* MVVMUIKitExampleUITestsLaunchTests.swift */,
			);
			path = MVVMUIKitExampleUITests;
			sourceTree = "<group>";
		};
/* End PBXGroup section */

/* Begin PBXNativeTarget section */
		2EF8F391296404D300C6E4F6 /* MVVMUIKitExample */ = {
			isa = PBXNativeTarget;
			buildConfigurationList = 2EF8F3BC296404D400C6E4F6 /* Build configuration list for PBXNativeTarget "MVVMUIKitExample" */;
			buildPhases = (
				2EF8F38E296404D300C6E4F6 /* Sources */,
				2EF8F38F296404D300C6E4F6 /* Frameworks */,
				2EF8F390296404D300C6E4F6 /* Resources */,
			);
			buildRules = (
			);
			dependencies = (
			);
			name = MVVMUIKitExample;
			packageProductDependencies = (
				2EF8F3C62964053A00C6E4F6 /* RxBlocking */,
				2EF8F3C82964053A00C6E4F6 /* RxCocoa */,
				2EF8F3CA2964053A00C6E4F6 /* RxRelay */,
				2EF8F3CC2964053A00C6E4F6 /* RxSwift */,
			);
			productName = MVVMUIKitExample;
			productReference = 2EF8F392296404D300C6E4F6 /* MVVMUIKitExample.app */;
			productType = "com.apple.product-type.application";
		};
		2EF8F3A7296404D400C6E4F6 /* MVVMUIKitExampleTests */ = {
			isa = PBXNativeTarget;
			buildConfigurationList = 2EF8F3BF296404D400C6E4F6 /* Build configuration list for PBXNativeTarget "MVVMUIKitExampleTests" */;
			buildPhases = (
				2EF8F3A4296404D400C6E4F6 /* Sources */,
				2EF8F3A5296404D400C6E4F6 /* Frameworks */,
				2EF8F3A6296404D400C6E4F6 /* Resources */,
			);
			buildRules = (
			);
			dependencies = (
				2EF8F3AA296404D400C6E4F6 /* PBXTargetDependency */,
			);
			name = MVVMUIKitExampleTests;
			productName = MVVMUIKitExampleTests;
			productReference = 2EF8F3A8296404D400C6E4F6 /* MVVMUIKitExampleTests.xctest */;
			productType = "com.apple.product-type.bundle.unit-test";
		};
		2EF8F3B1296404D400C6E4F6 /* MVVMUIKitExampleUITests */ = {
			isa = PBXNativeTarget;
			buildConfigurationList = 2EF8F3C2296404D400C6E4F6 /* Build configuration list for PBXNativeTarget "MVVMUIKitExampleUITests" */;
			buildPhases = (
				2EF8F3AE296404D400C6E4F6 /* Sources */,
				2EF8F3AF296404D400C6E4F6 /* Frameworks */,
				2EF8F3B0296404D400C6E4F6 /* Resources */,
			);
			buildRules = (
			);
			dependencies = (
				2EF8F3B4296404D400C6E4F6 /* PBXTargetDependency */,
			);
			name = MVVMUIKitExampleUITests;
			productName = MVVMUIKitExampleUITests;
			productReference = 2EF8F3B2296404D400C6E4F6 /* MVVMUIKitExampleUITests.xctest */;
			productType = "com.apple.product-type.bundle.ui-testing";
		};
/* End PBXNativeTarget section */

/* Begin PBXProject section */
		2EF8F38A296404D300C6E4F6 /* Project object */ = {
			isa = PBXProject;
			attributes = {
				BuildIndependentTargetsInParallel = 1;
				LastSwiftUpdateCheck = 1420;
				LastUpgradeCheck = 1420;
				TargetAttributes = {
					2EF8F391296404D300C6E4F6 = {
						CreatedOnToolsVersion = 14.2;
					};
					2EF8F3A7296404D400C6E4F6 = {
						CreatedOnToolsVersion = 14.2;
						TestTargetID = 2EF8F391296404D300C6E4F6;
					};
					2EF8F3B1296404D400C6E4F6 = {
						CreatedOnToolsVersion = 14.2;
						TestTargetID = 2EF8F391296404D300C6E4F6;
					};
				};
			};
			buildConfigurationList = 2EF8F38D296404D300C6E4F6 /* Build configuration list for PBXProject "MVVMUIKitExample" */;
			compatibilityVersion = "Xcode 14.0";
			developmentRegion = en;
			hasScannedForEncodings = 0;
			knownRegions = (
				en,
				Base,
			);
			mainGroup = 2EF8F389296404D300C6E4F6;
			packageReferences = (
				2EF8F3C52964053A00C6E4F6 /* XCRemoteSwiftPackageReference "RxSwift" */,
			);
			productRefGroup = 2EF8F393296404D300C6E4F6 /* Products */;
			projectDirPath = "";
			projectRoot = "";
			targets = (
				2EF8F391296404D300C6E4F6 /* MVVMUIKitExample */,
				2EF8F3A7296404D400C6E4F6 /* MVVMUIKitExampleTests */,
				2EF8F3B1296404D400C6E4F6 /* MVVMUIKitExampleUITests */,
			);
		};
/* End PBXProject section */

/* Begin PBXResourcesBuildPhase section */
		2EF8F390296404D300C6E4F6 /* Resources */ = {
			isa = PBXResourcesBuildPhase;
			buildActionMask = 2147483647;
			files = (
				2EF8F3A2296404D400C6E4F6 /* LaunchScreen.storyboard in Resources */,
				2EF8F39F296404D400C6E4F6 /* Assets.xcassets in Resources */,
				2EF8F39D296404D300C6E4F6 /* Main.storyboard in Resources */,
			);
			runOnlyForDeploymentPostprocessing = 0;
		};
		2EF8F3A6296404D400C6E4F6 /* Resources */ = {
			isa = PBXResourcesBuildPhase;
			buildActionMask = 2147483647;
			files = (
			);
			runOnlyForDeploymentPostprocessing = 0;
		};
		2EF8F3B0296404D400C6E4F6 /* Resources */ = {
			isa = PBXResourcesBuildPhase;
			buildActionMask = 2147483647;
			files = (
			);
			runOnlyForDeploymentPostprocessing = 0;
		};
/* End PBXResourcesBuildPhase section */

/* Begin PBXSourcesBuildPhase section */
		2EF8F38E296404D300C6E4F6 /* Sources */ = {
			isa = PBXSourcesBuildPhase;
			buildActionMask = 2147483647;
			files = (
				2EF8F39A296404D300C6E4F6 /* ViewController.swift in Sources */,
				2EF8F396296404D300C6E4F6 /* AppDelegate.swift in Sources */,
				2EF8F3CF2964054E00C6E4F6 /* ViewModel.swift in Sources */,
				2EF8F398296404D300C6E4F6 /* SceneDelegate.swift in Sources */,
			);
			runOnlyForDeploymentPostprocessing = 0;
		};
		2EF8F3A4296404D400C6E4F6 /* Sources */ = {
			isa = PBXSourcesBuildPhase;
			buildActionMask = 2147483647;
			files = (
				2EF8F3AD296404D400C6E4F6 /* MVVMUIKitExampleTests.swift in Sources */,
			);
			runOnlyForDeploymentPostprocessing = 0;
		};
		2EF8F3AE296404D400C6E4F6 /* Sources */ = {
			isa = PBXSourcesBuildPhase;
			buildActionMask = 2147483647;
			files = (
				2EF8F3B9296404D400C6E4F6 /* MVVMUIKitExampleUITestsLaunchTests.swift in Sources */,
				2EF8F3B7296404D400C6E4F6 /* MVVMUIKitExampleUITests.swift in Sources */,
			);
			runOnlyForDeploymentPostprocessing = 0;
		};
/* End PBXSourcesBuildPhase section */

/* Begin PBXTargetDependency section */
		2EF8F3AA296404D400C6E4F6 /* PBXTargetDependency */ = {
			isa = PBXTargetDependency;
			target = 2EF8F391296404D300C6E4F6 /* MVVMUIKitExample */;
			targetProxy = 2EF8F3A9296404D400C6E4F6 /* PBXContainerItemProxy */;
		};
		2EF8F3B4296404D400C6E4F6 /* PBXTargetDependency */ = {
			isa = PBXTargetDependency;
			target = 2EF8F391296404D300C6E4F6 /* MVVMUIKitExample */;
			targetProxy = 2EF8F3B3296404D400C6E4F6 /* PBXContainerItemProxy */;
		};
/* End PBXTargetDependency section */

/* Begin PBXVariantGroup section */
		2EF8F39B296404D300C6E4F6 /* Main.storyboard */ = {
			isa = PBXVariantGroup;
			children = (
				2EF8F39C296404D300C6E4F6 /* Base */,
			);
			name = Main.storyboard;
			sourceTree = "<group>";
		};
		2EF8F3A0296404D400C6E4F6 /* LaunchScreen.storyboard */ = {
			isa = PBXVariantGroup;
			children = (
				2EF8F3A1296404D400C6E4F6 /* Base */,
			);
			name = LaunchScreen.storyboard;
			sourceTree = "<group>";
		};
/* End PBXVariantGroup section */

/* Begin XCBuildConfiguration section */
		2EF8F3BA296404D400C6E4F6 /* Debug */ = {
			isa = XCBuildConfiguration;
			buildSettings = {
				ALWAYS_SEARCH_USER_PATHS = NO;
				CLANG_ANALYZER_NONNULL = YES;
				CLANG_ANALYZER_NUMBER_OBJECT_CONVERSION = YES_AGGRESSIVE;
				CLANG_CXX_LANGUAGE_STANDARD = "gnu++20";
				CLANG_ENABLE_MODULES = YES;
				CLANG_ENABLE_OBJC_ARC = YES;
				CLANG_ENABLE_OBJC_WEAK = YES;
				CLANG_WARN_BLOCK_CAPTURE_AUTORELEASING = YES;
				CLANG_WARN_BOOL_CONVERSION = YES;
				CLANG_WARN_COMMA = YES;
				CLANG_WARN_CONSTANT_CONVERSION = YES;
				CLANG_WARN_DEPRECATED_OBJC_IMPLEMENTATIONS = YES;
				CLANG_WARN_DIRECT_OBJC_ISA_USAGE = YES_ERROR;
				CLANG_WARN_DOCUMENTATION_COMMENTS = YES;
				CLANG_WARN_EMPTY_BODY = YES;
				CLANG_WARN_ENUM_CONVERSION = YES;
				CLANG_WARN_INFINITE_RECURSION = YES;
				CLANG_WARN_INT_CONVERSION = YES;
				CLANG_WARN_NON_LITERAL_NULL_CONVERSION = YES;
				CLANG_WARN_OBJC_IMPLICIT_RETAIN_SELF = YES;
				CLANG_WARN_OBJC_LITERAL_CONVERSION = YES;
				CLANG_WARN_OBJC_ROOT_CLASS = YES_ERROR;
				CLANG_WARN_QUOTED_INCLUDE_IN_FRAMEWORK_HEADER = YES;
				CLANG_WARN_RANGE_LOOP_ANALYSIS = YES;
				CLANG_WARN_STRICT_PROTOTYPES = YES;
				CLANG_WARN_SUSPICIOUS_MOVE = YES;
				CLANG_WARN_UNGUARDED_AVAILABILITY = YES_AGGRESSIVE;
				CLANG_WARN_UNREACHABLE_CODE = YES;
				CLANG_WARN__DUPLICATE_METHOD_MATCH = YES;
				COPY_PHASE_STRIP = NO;
				DEBUG_INFORMATION_FORMAT = dwarf;
				ENABLE_STRICT_OBJC_MSGSEND = YES;
				ENABLE_TESTABILITY = YES;
				GCC_C_LANGUAGE_STANDARD = gnu11;
				GCC_DYNAMIC_NO_PIC = NO;
				GCC_NO_COMMON_BLOCKS = YES;
				GCC_OPTIMIZATION_LEVEL = 0;
				GCC_PREPROCESSOR_DEFINITIONS = (
					"DEBUG=1",
					"$(inherited)",
				);
				GCC_WARN_64_TO_32_BIT_CONVERSION = YES;
				GCC_WARN_ABOUT_RETURN_TYPE = YES_ERROR;
				GCC_WARN_UNDECLARED_SELECTOR = YES;
				GCC_WARN_UNINITIALIZED_AUTOS = YES_AGGRESSIVE;
				GCC_WARN_UNUSED_FUNCTION = YES;
				GCC_WARN_UNUSED_VARIABLE = YES;
				IPHONEOS_DEPLOYMENT_TARGET = 16.2;
				MTL_ENABLE_DEBUG_INFO = INCLUDE_SOURCE;
				MTL_FAST_MATH = YES;
				ONLY_ACTIVE_ARCH = YES;
				SDKROOT = iphoneos;
				SWIFT_ACTIVE_COMPILATION_CONDITIONS = DEBUG;
				SWIFT_OPTIMIZATION_LEVEL = "-Onone";
			};
			name = Debug;
		};
		2EF8F3BB296404D400C6E4F6 /* Release */ = {
			isa = XCBuildConfiguration;
			buildSettings = {
				ALWAYS_SEARCH_USER_PATHS = NO;
				CLANG_ANALYZER_NONNULL = YES;
				CLANG_ANALYZER_NUMBER_OBJECT_CONVERSION = YES_AGGRESSIVE;
				CLANG_CXX_LANGUAGE_STANDARD = "gnu++20";
				CLANG_ENABLE_MODULES = YES;
				CLANG_ENABLE_OBJC_ARC = YES;
				CLANG_ENABLE_OBJC_WEAK = YES;
				CLANG_WARN_BLOCK_CAPTURE_AUTORELEASING = YES;
				CLANG_WARN_BOOL_CONVERSION = YES;
				CLANG_WARN_COMMA = YES;
				CLANG_WARN_CONSTANT_CONVERSION = YES;
				CLANG_WARN_DEPRECATED_OBJC_IMPLEMENTATIONS = YES;
				CLANG_WARN_DIRECT_OBJC_ISA_USAGE = YES_ERROR;
				CLANG_WARN_DOCUMENTATION_COMMENTS = YES;
				CLANG_WARN_EMPTY_BODY = YES;
				CLANG_WARN_ENUM_CONVERSION = YES;
				CLANG_WARN_INFINITE_RECURSION = YES;
				CLANG_WARN_INT_CONVERSION = YES;
				CLANG_WARN_NON_LITERAL_NULL_CONVERSION = YES;
				CLANG_WARN_OBJC_IMPLICIT_RETAIN_SELF = YES;
				CLANG_WARN_OBJC_LITERAL_CONVERSION = YES;
				CLANG_WARN_OBJC_ROOT_CLASS = YES_ERROR;
				CLANG_WARN_QUOTED_INCLUDE_IN_FRAMEWORK_HEADER = YES;
				CLANG_WARN_RANGE_LOOP_ANALYSIS = YES;
				CLANG_WARN_STRICT_PROTOTYPES = YES;
				CLANG_WARN_SUSPICIOUS_MOVE = YES;
				CLANG_WARN_UNGUARDED_AVAILABILITY = YES_AGGRESSIVE;
				CLANG_WARN_UNREACHABLE_CODE = YES;
				CLANG_WARN__DUPLICATE_METHOD_MATCH = YES;
				COPY_PHASE_STRIP = NO;
				DEBUG_INFORMATION_FORMAT = "dwarf-with-dsym";
				ENABLE_NS_ASSERTIONS = NO;
				ENABLE_STRICT_OBJC_MSGSEND = YES;
				GCC_C_LANGUAGE_STANDARD = gnu11;
				GCC_NO_COMMON_BLOCKS = YES;
				GCC_WARN_64_TO_32_BIT_CONVERSION = YES;
				GCC_WARN_ABOUT_RETURN_TYPE = YES_ERROR;
				GCC_WARN_UNDECLARED_SELECTOR = YES;
				GCC_WARN_UNINITIALIZED_AUTOS = YES_AGGRESSIVE;
				GCC_WARN_UNUSED_FUNCTION = YES;
				GCC_WARN_UNUSED_VARIABLE = YES;
				IPHONEOS_DEPLOYMENT_TARGET = 16.2;
				MTL_ENABLE_DEBUG_INFO = NO;
				MTL_FAST_MATH = YES;
				SDKROOT = iphoneos;
				SWIFT_COMPILATION_MODE = wholemodule;
				SWIFT_OPTIMIZATION_LEVEL = "-O";
				VALIDATE_PRODUCT = YES;
			};
			name = Release;
		};
		2EF8F3BD296404D400C6E4F6 /* Debug */ = {
			isa = XCBuildConfiguration;
			buildSettings = {
				ASSETCATALOG_COMPILER_APPICON_NAME = AppIcon;
				ASSETCATALOG_COMPILER_GLOBAL_ACCENT_COLOR_NAME = AccentColor;
				CODE_SIGN_STYLE = Automatic;
				CURRENT_PROJECT_VERSION = 1;
				GENERATE_INFOPLIST_FILE = YES;
				INFOPLIST_FILE = MVVMUIKitExample/Info.plist;
				INFOPLIST_KEY_UIApplicationSupportsIndirectInputEvents = YES;
				INFOPLIST_KEY_UILaunchStoryboardName = LaunchScreen;
				INFOPLIST_KEY_UIMainStoryboardFile = Main;
				INFOPLIST_KEY_UISupportedInterfaceOrientations_iPad = "UIInterfaceOrientationPortrait UIInterfaceOrientationPortraitUpsideDown UIInterfaceOrientationLandscapeLeft UIInterfaceOrientationLandscapeRight";
				INFOPLIST_KEY_UISupportedInterfaceOrientations_iPhone = "UIInterfaceOrientationPortrait UIInterfaceOrientationLandscapeLeft UIInterfaceOrientationLandscapeRight";
				LD_RUNPATH_SEARCH_PATHS = (
					"$(inherited)",
					"@executable_path/Frameworks",
				);
				MARKETING_VERSION = 1.0;
				PRODUCT_BUNDLE_IDENTIFIER = dev.mmd.MVVMUIKitExample;
				PRODUCT_NAME = "$(TARGET_NAME)";
				SWIFT_EMIT_LOC_STRINGS = YES;
				SWIFT_VERSION = 5.0;
				TARGETED_DEVICE_FAMILY = "1,2";
			};
			name = Debug;
		};
		2EF8F3BE296404D400C6E4F6 /* Release */ = {
			isa = XCBuildConfiguration;
			buildSettings = {
				ASSETCATALOG_COMPILER_APPICON_NAME = AppIcon;
				ASSETCATALOG_COMPILER_GLOBAL_ACCENT_COLOR_NAME = AccentColor;
				CODE_SIGN_STYLE = Automatic;
				CURRENT_PROJECT_VERSION = 1;
				GENERATE_INFOPLIST_FILE = YES;
				INFOPLIST_FILE = MVVMUIKitExample/Info.plist;
				INFOPLIST_KEY_UIApplicationSupportsIndirectInputEvents = YES;
				INFOPLIST_KEY_UILaunchStoryboardName = LaunchScreen;
				INFOPLIST_KEY_UIMainStoryboardFile = Main;
				INFOPLIST_KEY_UISupportedInterfaceOrientations_iPad = "UIInterfaceOrientationPortrait UIInterfaceOrientationPortraitUpsideDown UIInterfaceOrientationLandscapeLeft UIInterfaceOrientationLandscapeRight";
				INFOPLIST_KEY_UISupportedInterfaceOrientations_iPhone = "UIInterfaceOrientationPortrait UIInterfaceOrientationLandscapeLeft UIInterfaceOrientationLandscapeRight";
				LD_RUNPATH_SEARCH_PATHS = (
					"$(inherited)",
					"@executable_path/Frameworks",
				);
				MARKETING_VERSION = 1.0;
				PRODUCT_BUNDLE_IDENTIFIER = dev.mmd.MVVMUIKitExample;
				PRODUCT_NAME = "$(TARGET_NAME)";
				SWIFT_EMIT_LOC_STRINGS = YES;
				SWIFT_VERSION = 5.0;
				TARGETED_DEVICE_FAMILY = "1,2";
			};
			name = Release;
		};
		2EF8F3C0296404D400C6E4F6 /* Debug */ = {
			isa = XCBuildConfiguration;
			buildSettings = {
				ALWAYS_EMBED_SWIFT_STANDARD_LIBRARIES = YES;
				BUNDLE_LOADER = "$(TEST_HOST)";
				CODE_SIGN_STYLE = Automatic;
				CURRENT_PROJECT_VERSION = 1;
				GENERATE_INFOPLIST_FILE = YES;
				IPHONEOS_DEPLOYMENT_TARGET = 16.2;
				MARKETING_VERSION = 1.0;
				PRODUCT_BUNDLE_IDENTIFIER = dev.mmd.MVVMUIKitExampleTests;
				PRODUCT_NAME = "$(TARGET_NAME)";
				SWIFT_EMIT_LOC_STRINGS = NO;
				SWIFT_VERSION = 5.0;
				TARGETED_DEVICE_FAMILY = "1,2";
				TEST_HOST = "$(BUILT_PRODUCTS_DIR)/MVVMUIKitExample.app/$(BUNDLE_EXECUTABLE_FOLDER_PATH)/MVVMUIKitExample";
			};
			name = Debug;
		};
		2EF8F3C1296404D400C6E4F6 /* Release */ = {
			isa = XCBuildConfiguration;
			buildSettings = {
				ALWAYS_EMBED_SWIFT_STANDARD_LIBRARIES = YES;
				BUNDLE_LOADER = "$(TEST_HOST)";
				CODE_SIGN_STYLE = Automatic;
				CURRENT_PROJECT_VERSION = 1;
				GENERATE_INFOPLIST_FILE = YES;
				IPHONEOS_DEPLOYMENT_TARGET = 16.2;
				MARKETING_VERSION = 1.0;
				PRODUCT_BUNDLE_IDENTIFIER = dev.mmd.MVVMUIKitExampleTests;
				PRODUCT_NAME = "$(TARGET_NAME)";
				SWIFT_EMIT_LOC_STRINGS = NO;
				SWIFT_VERSION = 5.0;
				TARGETED_DEVICE_FAMILY = "1,2";
				TEST_HOST = "$(BUILT_PRODUCTS_DIR)/MVVMUIKitExample.app/$(BUNDLE_EXECUTABLE_FOLDER_PATH)/MVVMUIKitExample";
			};
			name = Release;
		};
		2EF8F3C3296404D400C6E4F6 /* Debug */ = {
			isa = XCBuildConfiguration;
			buildSettings = {
				ALWAYS_EMBED_SWIFT_STANDARD_LIBRARIES = YES;
				CODE_SIGN_STYLE = Automatic;
				CURRENT_PROJECT_VERSION = 1;
				GENERATE_INFOPLIST_FILE = YES;
				MARKETING_VERSION = 1.0;
				PRODUCT_BUNDLE_IDENTIFIER = dev.mmd.MVVMUIKitExampleUITests;
				PRODUCT_NAME = "$(TARGET_NAME)";
				SWIFT_EMIT_LOC_STRINGS = NO;
				SWIFT_VERSION = 5.0;
				TARGETED_DEVICE_FAMILY = "1,2";
				TEST_TARGET_NAME = MVVMUIKitExample;
			};
			name = Debug;
		};
		2EF8F3C4296404D400C6E4F6 /* Release */ = {
			isa = XCBuildConfiguration;
			buildSettings = {
				ALWAYS_EMBED_SWIFT_STANDARD_LIBRARIES = YES;
				CODE_SIGN_STYLE = Automatic;
				CURRENT_PROJECT_VERSION = 1;
				GENERATE_INFOPLIST_FILE = YES;
				MARKETING_VERSION = 1.0;
				PRODUCT_BUNDLE_IDENTIFIER = dev.mmd.MVVMUIKitExampleUITests;
				PRODUCT_NAME = "$(TARGET_NAME)";
				SWIFT_EMIT_LOC_STRINGS = NO;
				SWIFT_VERSION = 5.0;
				TARGETED_DEVICE_FAMILY = "1,2";
				TEST_TARGET_NAME = MVVMUIKitExample;
			};
			name = Release;
		};
/* End XCBuildConfiguration section */

/* Begin XCConfigurationList section */
		2EF8F38D296404D300C6E4F6 /* Build configuration list for PBXProject "MVVMUIKitExample" */ = {
			isa = XCConfigurationList;
			buildConfigurations = (
				2EF8F3BA296404D400C6E4F6 /* Debug */,
				2EF8F3BB296404D400C6E4F6 /* Release */,
			);
			defaultConfigurationIsVisible = 0;
			defaultConfigurationName = Release;
		};
		2EF8F3BC296404D400C6E4F6 /* Build configuration list for PBXNativeTarget "MVVMUIKitExample" */ = {
			isa = XCConfigurationList;
			buildConfigurations = (
				2EF8F3BD296404D400C6E4F6 /* Debug */,
				2EF8F3BE296404D400C6E4F6 /* Release */,
			);
			defaultConfigurationIsVisible = 0;
			defaultConfigurationName = Release;
		};
		2EF8F3BF296404D400C6E4F6 /* Build configuration list for PBXNativeTarget "MVVMUIKitExampleTests" */ = {
			isa = XCConfigurationList;
			buildConfigurations = (
				2EF8F3C0296404D400C6E4F6 /* Debug */,
				2EF8F3C1296404D400C6E4F6 /* Release */,
			);
			defaultConfigurationIsVisible = 0;
			defaultConfigurationName = Release;
		};
		2EF8F3C2296404D400C6E4F6 /* Build configuration list for PBXNativeTarget "MVVMUIKitExampleUITests" */ = {
			isa = XCConfigurationList;
			buildConfigurations = (
				2EF8F3C3296404D400C6E4F6 /* Debug */,
				2EF8F3C4296404D400C6E4F6 /* Release */,
			);
			defaultConfigurationIsVisible = 0;
			defaultConfigurationName = Release;
		};
/* End XCConfigurationList section */

/* Begin XCRemoteSwiftPackageReference section */
		2EF8F3C52964053A00C6E4F6 /* XCRemoteSwiftPackageReference "RxSwift" */ = {
			isa = XCRemoteSwiftPackageReference;
			repositoryURL = "https://github.com/ReactiveX/RxSwift.git";
			requirement = {
				branch = main;
				kind = branch;
			};
		};
/* End XCRemoteSwiftPackageReference section */

/* Begin XCSwiftPackageProductDependency section */
		2EF8F3C62964053A00C6E4F6 /* RxBlocking */ = {
			isa = XCSwiftPackageProductDependency;
			package = 2EF8F3C52964053A00C6E4F6 /* XCRemoteSwiftPackageReference "RxSwift" */;
			productName = RxBlocking;
		};
		2EF8F3C82964053A00C6E4F6 /* RxCocoa */ = {
			isa = XCSwiftPackageProductDependency;
			package = 2EF8F3C52964053A00C6E4F6 /* XCRemoteSwiftPackageReference "RxSwift" */;
			productName = RxCocoa;
		};
		2EF8F3CA2964053A00C6E4F6 /* RxRelay */ = {
			isa = XCSwiftPackageProductDependency;
			package = 2EF8F3C52964053A00C6E4F6 /* XCRemoteSwiftPackageReference "RxSwift" */;
			productName = RxRelay;
		};
		2EF8F3CC2964053A00C6E4F6 /* RxSwift */ = {
			isa = XCSwiftPackageProductDependency;
			package = 2EF8F3C52964053A00C6E4F6 /* XCRemoteSwiftPackageReference "RxSwift" */;
			productName = RxSwift;
		};
/* End XCSwiftPackageProductDependency section */
	};
	rootObject = 2EF8F38A296404D300C6E4F6 /* Project object */;
}
